
Microsoft Visual Studio Solution File, Format Version 12.00
# Visual Studio Version 16
VisualStudioVersion = 16.0.29709.97
MinimumVisualStudioVersion = 10.0.40219.1
Project("{FAE04EC0-301F-11D3-BF4B-00C04F79EFBC}") = "BookStore", "WindowsFormsApp1\BookStore.csproj", "{697D8BB3-02F7-4DF8-A91D-938928CFC43D}"
EndProject
Global
	GlobalSection(SolutionConfigurationPlatforms) = preSolution
		Debug|Any CPU = Debug|Any CPU
		Release|Any CPU = Release|Any CPU
	EndGlobalSection
	GlobalSection(ProjectConfigurationPlatforms) = postSolution
		{697D8BB3-02F7-4DF8-A91D-938928CFC43D}.Debug|Any CPU.ActiveCfg = Debug|Any CPU
		{697D8BB3-02F7-4DF8-A91D-938928CFC43D}.Debug|Any CPU.Build.0 = Debug|Any CPU
		{697D8BB3-02F7-4DF8-A91D-938928CFC43D}.Release|Any CPU.ActiveCfg = Release|Any CPU
		{697D8BB3-02F7-4DF8-A91D-938928CFC43D}.Release|Any CPU.Build.0 = Release|Any CPU
	EndGlobalSection
	GlobalSection(SolutionProperties) = preSolution
		HideSolutionNode = FALSE
	EndGlobalSection
	GlobalSection(ExtensibilityGlobals) = postSolution
		SolutionGuid = {B89593CB-EC1E-4E3A-8B23-51B6DBABAA91}
	EndGlobalSection
EndGlobal
